
Microsoft Visual Studio Solution File, Format Version 12.00
# Visual Studio Version 17
VisualStudioVersion = 17.5.33414.496
MinimumVisualStudioVersion = 10.0.40219.1
Project("{9A19103F-16F7-4668-BE54-9A1E7A4F7556}") = "UhlnocsServer", "UhlnocsServer\UhlnocsServer.csproj", "{4AB306C2-5E30-482F-980A-FDBBFA74C56B}"
EndProject
Project("{9A19103F-16F7-4668-BE54-9A1E7A4F7556}") = "DSS", "DSS\DSS.csproj", "{C8C87DCD-80CC-4F7D-9C94-D7C2C252C52C}"
EndProject
Project("{FAE04EC0-301F-11D3-BF4B-00C04F79EFBC}") = "Tests", "Tests\Tests.csproj", "{EBE78783-F0F2-4B5A-8AB2-063A89433E09}"
EndProject
Global
	GlobalSection(SolutionConfigurationPlatforms) = preSolution
		Debug|Any CPU = Debug|Any CPU
		Release|Any CPU = Release|Any CPU
	EndGlobalSection
	GlobalSection(ProjectConfigurationPlatforms) = postSolution
		{4AB306C2-5E30-482F-980A-FDBBFA74C56B}.Debug|Any CPU.ActiveCfg = Debug|Any CPU
		{4AB306C2-5E30-482F-980A-FDBBFA74C56B}.Debug|Any CPU.Build.0 = Debug|Any CPU
		{4AB306C2-5E30-482F-980A-FDBBFA74C56B}.Release|Any CPU.ActiveCfg = Release|Any CPU
		{4AB306C2-5E30-482F-980A-FDBBFA74C56B}.Release|Any CPU.Build.0 = Release|Any CPU
		{C8C87DCD-80CC-4F7D-9C94-D7C2C252C52C}.Debug|Any CPU.ActiveCfg = Debug|Any CPU
		{C8C87DCD-80CC-4F7D-9C94-D7C2C252C52C}.Debug|Any CPU.Build.0 = Debug|Any CPU
		{C8C87DCD-80CC-4F7D-9C94-D7C2C252C52C}.Release|Any CPU.ActiveCfg = Release|Any CPU
		{C8C87DCD-80CC-4F7D-9C94-D7C2C252C52C}.Release|Any CPU.Build.0 = Release|Any CPU
		{EBE78783-F0F2-4B5A-8AB2-063A89433E09}.Debug|Any CPU.ActiveCfg = Debug|Any CPU
		{EBE78783-F0F2-4B5A-8AB2-063A89433E09}.Debug|Any CPU.Build.0 = Debug|Any CPU
		{EBE78783-F0F2-4B5A-8AB2-063A89433E09}.Release|Any CPU.ActiveCfg = Release|Any CPU
		{EBE78783-F0F2-4B5A-8AB2-063A89433E09}.Release|Any CPU.Build.0 = Release|Any CPU
	EndGlobalSection
	GlobalSection(SolutionProperties) = preSolution
		HideSolutionNode = FALSE
	EndGlobalSection
	GlobalSection(ExtensibilityGlobals) = postSolution
		SolutionGuid = {0724C271-C5AC-47B7-B69C-6BE59C0C45EB}
	EndGlobalSection
EndGlobal
